
Microsoft Visual Studio Solution File, Format Version 12.00
# Visual Studio Version 16
VisualStudioVersion = 16.0.32413.511
MinimumVisualStudioVersion = 10.0.40219.1
Project("{FAE04EC0-301F-11D3-BF4B-00C04F79EFBC}") = "SakiMotion-RH7", "RH7\SakiMotion-RH7.csproj", "{BA95CCDC-B8BF-4E30-9531-B78AB5E3179D}"
EndProject
Global
	GlobalSection(SolutionConfigurationPlatforms) = preSolution
		Debug|Any CPU = Debug|Any CPU
		Release|Any CPU = Release|Any CPU
	EndGlobalSection
	GlobalSection(ProjectConfigurationPlatforms) = postSolution
		{BA95CCDC-B8BF-4E30-9531-B78AB5E3179D}.Debug|Any CPU.ActiveCfg = Debug|Any CPU
		{BA95CCDC-B8BF-4E30-9531-B78AB5E3179D}.Debug|Any CPU.Build.0 = Debug|Any CPU
		{BA95CCDC-B8BF-4E30-9531-B78AB5E3179D}.Release|Any CPU.ActiveCfg = Release|Any CPU
		{BA95CCDC-B8BF-4E30-9531-B78AB5E3179D}.Release|Any CPU.Build.0 = Release|Any CPU
	EndGlobalSection
	GlobalSection(SolutionProperties) = preSolution
		HideSolutionNode = FALSE
	EndGlobalSection
	GlobalSection(ExtensibilityGlobals) = postSolution
		SolutionGuid = {C88A6299-7D86-43A7-A7D6-D9372A447F66}
	EndGlobalSection
EndGlobal
